
Microsoft Visual Studio Solution File, Format Version 12.00
# Visual Studio 15
VisualStudioVersion = 15.0.28010.0
MinimumVisualStudioVersion = 10.0.40219.1
Project("{9A19103F-16F7-4668-BE54-9A1E7A4F7556}") = "MyModel", "src\MyModel\MyModel.csproj", "{7AB2F635-6274-4CFA-BD53-E72A484A7C0B}"
EndProject
Project("{9A19103F-16F7-4668-BE54-9A1E7A4F7556}") = "MyConsumer", "src\MyConsumer\MyConsumer.csproj", "{72B5891A-8A92-4BB6-9ADE-16A22472F1A8}"
EndProject
Project("{9A19103F-16F7-4668-BE54-9A1E7A4F7556}") = "MySaga", "src\MySaga\MySaga.csproj", "{8513097B-CB68-4636-B6C7-2DF1D3C9653F}"
EndProject
Project("{9A19103F-16F7-4668-BE54-9A1E7A4F7556}") = "MyConsoleClient", "src\MyConsoleClient\MyConsoleClient.csproj", "{CF1F8F6B-C409-4FF0-9057-1B2A1B9794A1}"
EndProject
Global
	GlobalSection(SolutionConfigurationPlatforms) = preSolution
		Debug|Any CPU = Debug|Any CPU
		Release|Any CPU = Release|Any CPU
	EndGlobalSection
	GlobalSection(ProjectConfigurationPlatforms) = postSolution
		{7AB2F635-6274-4CFA-BD53-E72A484A7C0B}.Debug|Any CPU.ActiveCfg = Debug|Any CPU
		{7AB2F635-6274-4CFA-BD53-E72A484A7C0B}.Debug|Any CPU.Build.0 = Debug|Any CPU
		{7AB2F635-6274-4CFA-BD53-E72A484A7C0B}.Release|Any CPU.ActiveCfg = Release|Any CPU
		{7AB2F635-6274-4CFA-BD53-E72A484A7C0B}.Release|Any CPU.Build.0 = Release|Any CPU
		{72B5891A-8A92-4BB6-9ADE-16A22472F1A8}.Debug|Any CPU.ActiveCfg = Debug|Any CPU
		{72B5891A-8A92-4BB6-9ADE-16A22472F1A8}.Debug|Any CPU.Build.0 = Debug|Any CPU
		{72B5891A-8A92-4BB6-9ADE-16A22472F1A8}.Release|Any CPU.ActiveCfg = Release|Any CPU
		{72B5891A-8A92-4BB6-9ADE-16A22472F1A8}.Release|Any CPU.Build.0 = Release|Any CPU
		{8513097B-CB68-4636-B6C7-2DF1D3C9653F}.Debug|Any CPU.ActiveCfg = Debug|Any CPU
		{8513097B-CB68-4636-B6C7-2DF1D3C9653F}.Debug|Any CPU.Build.0 = Debug|Any CPU
		{8513097B-CB68-4636-B6C7-2DF1D3C9653F}.Release|Any CPU.ActiveCfg = Release|Any CPU
		{8513097B-CB68-4636-B6C7-2DF1D3C9653F}.Release|Any CPU.Build.0 = Release|Any CPU
		{CF1F8F6B-C409-4FF0-9057-1B2A1B9794A1}.Debug|Any CPU.ActiveCfg = Debug|Any CPU
		{CF1F8F6B-C409-4FF0-9057-1B2A1B9794A1}.Debug|Any CPU.Build.0 = Debug|Any CPU
		{CF1F8F6B-C409-4FF0-9057-1B2A1B9794A1}.Release|Any CPU.ActiveCfg = Release|Any CPU
		{CF1F8F6B-C409-4FF0-9057-1B2A1B9794A1}.Release|Any CPU.Build.0 = Release|Any CPU
	EndGlobalSection
	GlobalSection(SolutionProperties) = preSolution
		HideSolutionNode = FALSE
	EndGlobalSection
	GlobalSection(ExtensibilityGlobals) = postSolution
		SolutionGuid = {3BF0DF24-327C-421B-B328-512C95C6C3F0}
	EndGlobalSection
EndGlobal
